
Microsoft Visual Studio Solution File, Format Version 12.00
# Visual Studio Version 16
VisualStudioVersion = 16.0.31019.35
MinimumVisualStudioVersion = 10.0.40219.1
Project("{8BC9CEB8-8B4A-11D0-8D11-00A0C91BC942}") = "054_Spiral_Matrix", "054_Spiral_Matrix\054_Spiral_Matrix.vcxproj", "{D06EC614-75E2-4803-AE15-2599D6944C4E}"
EndProject
Project("{8BC9CEB8-8B4A-11D0-8D11-00A0C91BC942}") = "055_Jump_Game", "055_Jump_Game\055_Jump_Game.vcxproj", "{044CF929-C63D-4B35-8DBA-1F744DFDBFCC}"
EndProject
Project("{8BC9CEB8-8B4A-11D0-8D11-00A0C91BC942}") = "056_Merge_Intervals", "056_Merge_Intervals\056_Merge_Intervals.vcxproj", "{071B553E-E683-493E-8EC1-A36DA2C9D0E1}"
EndProject
Project("{8BC9CEB8-8B4A-11D0-8D11-00A0C91BC942}") = "057_Insert_Interval", "057_Insert_Interval\057_Insert_Interval.vcxproj", "{1BD5CDE5-8AD5-400E-97B7-4BD981D44DCA}"
EndProject
Project("{8BC9CEB8-8B4A-11D0-8D11-00A0C91BC942}") = "058_Len_of_Last_Word", "058_Len_of_Last_Word\058_Len_of_Last_Word.vcxproj", "{E89E30B9-9579-4DC7-A9FF-A71ACEDE60F8}"
EndProject
Project("{8BC9CEB8-8B4A-11D0-8D11-00A0C91BC942}") = "059_Spiral_Matrix_II", "059_Spiral_Matrix_II\059_Spiral_Matrix_II.vcxproj", "{81A471BF-C7A1-4A21-8BB1-F9608116299F}"
EndProject
Project("{8BC9CEB8-8B4A-11D0-8D11-00A0C91BC942}") = "061_Rotate_List", "061_Rotate_List\061_Rotate_List.vcxproj", "{331073F2-E202-4534-BC65-A8F5A79DB459}"
EndProject
Project("{8BC9CEB8-8B4A-11D0-8D11-00A0C91BC942}") = "062_Unique_Paths", "062_Unique_Paths\062_Unique_Paths.vcxproj", "{5B1CC54C-8604-4C91-9098-5B75438C8BEC}"
EndProject
Project("{8BC9CEB8-8B4A-11D0-8D11-00A0C91BC942}") = "063_Unique_Paths_II", "063_Unique_Paths_II\063_Unique_Paths_II.vcxproj", "{469B6001-F30B-477E-8A4E-CD648D02F479}"
EndProject
Project("{8BC9CEB8-8B4A-11D0-8D11-00A0C91BC942}") = "064_Minimum_Path_Sum", "064_Minimum_Path_Sum\064_Minimum_Path_Sum.vcxproj", "{093A7904-3DD5-480C-A064-A655435A719D}"
EndProject
Project("{8BC9CEB8-8B4A-11D0-8D11-00A0C91BC942}") = "066_Plus_One", "066_Plus_One\066_Plus_One.vcxproj", "{20700810-14A7-4EE2-8C44-105AC490D75E}"
EndProject
Project("{8BC9CEB8-8B4A-11D0-8D11-00A0C91BC942}") = "067_Add_Binary", "067_Add_Binary\067_Add_Binary.vcxproj", "{4E03FB40-BB16-4205-8646-22B2815269BE}"
EndProject
Project("{8BC9CEB8-8B4A-11D0-8D11-00A0C91BC942}") = "069_Sqrt_x", "069_Sqrt_x\069_Sqrt_x.vcxproj", "{BFCE5C26-E362-4D87-9A8B-082EDDE9FF75}"
EndProject
Project("{8BC9CEB8-8B4A-11D0-8D11-00A0C91BC942}") = "070_Climbing_Stairs", "070_Climbing_Stairs\070_Climbing_Stairs.vcxproj", "{427237D2-8DD6-418E-AFF8-768B5202C1EC}"
EndProject
Project("{8BC9CEB8-8B4A-11D0-8D11-00A0C91BC942}") = "071_Simplify_Path", "071_Simplify_Path\071_Simplify_Path.vcxproj", "{A336D3DD-8F7B-4050-8F61-C0106C35FBDD}"
EndProject
Project("{8BC9CEB8-8B4A-11D0-8D11-00A0C91BC942}") = "073_Set_Matrix_Zeroes", "073_Set_Matrix_Zeroes\073_Set_Matrix_Zeroes.vcxproj", "{CA164A9E-4DAC-4112-AFB0-DB125F90E969}"
EndProject
Project("{8BC9CEB8-8B4A-11D0-8D11-00A0C91BC942}") = "074_Search_a_2D_Matrix", "074_Search_a_2D_Matrix\074_Search_a_2D_Matrix.vcxproj", "{2EE6E910-5E5F-402F-A1B7-E8062CF7C4CF}"
EndProject
Project("{8BC9CEB8-8B4A-11D0-8D11-00A0C91BC942}") = "075_Sort_Colors", "075_Sort_Colors\075_Sort_Colors.vcxproj", "{B69EA0D8-165B-43DF-A877-A53C74CCB06B}"
EndProject
Project("{8BC9CEB8-8B4A-11D0-8D11-00A0C91BC942}") = "077_Combinations", "077_Combinations\077_Combinations.vcxproj", "{0BF859E5-8958-4B6A-87F4-0E045F113CD3}"
EndProject
Project("{8BC9CEB8-8B4A-11D0-8D11-00A0C91BC942}") = "053_Maximum_Subarray", "053_Maximum_Subarray\053_Maximum_Subarray.vcxproj", "{D5F9AA46-5732-4FD5-816C-B277E0C522B7}"
EndProject
Project("{8BC9CEB8-8B4A-11D0-8D11-00A0C91BC942}") = "078_Subsets", "078_Subsets\078_Subsets.vcxproj", "{0E3A0ECC-64A1-49CD-BE1F-F276A0228F54}"
EndProject
Project("{8BC9CEB8-8B4A-11D0-8D11-00A0C91BC942}") = "079_Word_Search", "079_Word_Search\079_Word_Search.vcxproj", "{DAC66AF3-1442-4537-AC48-B5E13F679F95}"
EndProject
Project("{8BC9CEB8-8B4A-11D0-8D11-00A0C91BC942}") = "080_Remove_Dup_In_Sorted_Array_II", "080_Remove_Dup_In_Sorted_Array_II\080_Remove_Dup_In_Sorted_Array_II.vcxproj", "{21BEFFC2-C37C-4F1B-B974-5AB36450BAC7}"
EndProject
Project("{8BC9CEB8-8B4A-11D0-8D11-00A0C91BC942}") = "081_Srch_Rotated_Sorted_Array_II", "081_Srch_Rotated_Sorted_Array_II\081_Srch_Rotated_Sorted_Array_II.vcxproj", "{EE47BBFD-DDD6-4B55-A14C-880F1CFC2B8F}"
EndProject
Project("{8BC9CEB8-8B4A-11D0-8D11-00A0C91BC942}") = "082_Rm_Dup_in_Sorted_List_II", "082_Rm_Dup_in_Sorted_List_II\082_Rm_Dup_in_Sorted_List_II.vcxproj", "{353B4CA3-E72E-4C58-9B4F-170E075C4608}"
EndProject
Project("{8BC9CEB8-8B4A-11D0-8D11-00A0C91BC942}") = "083_Rm_Dup_In_Sorted_List", "083_Rm_Dup_In_Sorted_List\083_Rm_Dup_In_Sorted_List.vcxproj", "{556C2D35-4A3F-4905-B174-92CB4B6C927C}"
EndProject
Project("{8BC9CEB8-8B4A-11D0-8D11-00A0C91BC942}") = "086_Partition_List", "086_Partition_List\086_Partition_List.vcxproj", "{74A3C4CF-D8E3-48AE-8D83-5CC7BBBFD396}"
EndProject
Project("{8BC9CEB8-8B4A-11D0-8D11-00A0C91BC942}") = "088_Merge_Sorted_Array", "088_Merge_Sorted_Array\088_Merge_Sorted_Array.vcxproj", "{F63D6E4F-DD86-4912-9D3F-BA9D4211ED77}"
EndProject
Project("{8BC9CEB8-8B4A-11D0-8D11-00A0C91BC942}") = "089_Gray_Code", "089_Gray_Code\089_Gray_Code.vcxproj", "{0EA821F4-AF2B-41DB-B802-12937CB93F4A}"
EndProject
Project("{8BC9CEB8-8B4A-11D0-8D11-00A0C91BC942}") = "090_Subsets_II", "090_Subsets_II\090_Subsets_II.vcxproj", "{333B17EB-5684-4610-9F58-C33163B0BAF3}"
EndProject
Project("{8BC9CEB8-8B4A-11D0-8D11-00A0C91BC942}") = "091_Decode_Ways", "091_Decode_Ways\091_Decode_Ways.vcxproj", "{6162DB60-B88E-4F27-B753-173A59B55EAD}"
EndProject
Project("{8BC9CEB8-8B4A-11D0-8D11-00A0C91BC942}") = "092_Rev_Linked_List_II", "092_Rev_Linked_List_II\092_Rev_Linked_List_II.vcxproj", "{F84AAC7C-26DA-4E03-8441-707FD8B2769A}"
EndProject
Project("{8BC9CEB8-8B4A-11D0-8D11-00A0C91BC942}") = "093_Restore_IP_Addresses", "093_Restore_IP_Addresses\093_Restore_IP_Addresses.vcxproj", "{2ED63A33-E1B5-4642-828F-4C7396197DC2}"
EndProject
Project("{8BC9CEB8-8B4A-11D0-8D11-00A0C91BC942}") = "094_BinaryTree_Inorder_Trav", "094_BinaryTree_Inorder_Trav\094_BinaryTree_Inorder_Trav.vcxproj", "{05554F9D-AE01-45C4-BC28-46EF7D8559B4}"
EndProject
Global
	GlobalSection(SolutionConfigurationPlatforms) = preSolution
		Debug|x64 = Debug|x64
		Debug|x86 = Debug|x86
		Release|x64 = Release|x64
		Release|x86 = Release|x86
	EndGlobalSection
	GlobalSection(ProjectConfigurationPlatforms) = postSolution
		{D06EC614-75E2-4803-AE15-2599D6944C4E}.Debug|x64.ActiveCfg = Debug|x64
		{D06EC614-75E2-4803-AE15-2599D6944C4E}.Debug|x64.Build.0 = Debug|x64
		{D06EC614-75E2-4803-AE15-2599D6944C4E}.Debug|x86.ActiveCfg = Debug|Win32
		{D06EC614-75E2-4803-AE15-2599D6944C4E}.Debug|x86.Build.0 = Debug|Win32
		{D06EC614-75E2-4803-AE15-2599D6944C4E}.Release|x64.ActiveCfg = Release|x64
		{D06EC614-75E2-4803-AE15-2599D6944C4E}.Release|x64.Build.0 = Release|x64
		{D06EC614-75E2-4803-AE15-2599D6944C4E}.Release|x86.ActiveCfg = Release|Win32
		{D06EC614-75E2-4803-AE15-2599D6944C4E}.Release|x86.Build.0 = Release|Win32
		{044CF929-C63D-4B35-8DBA-1F744DFDBFCC}.Debug|x64.ActiveCfg = Debug|x64
		{044CF929-C63D-4B35-8DBA-1F744DFDBFCC}.Debug|x64.Build.0 = Debug|x64
		{044CF929-C63D-4B35-8DBA-1F744DFDBFCC}.Debug|x86.ActiveCfg = Debug|Win32
		{044CF929-C63D-4B35-8DBA-1F744DFDBFCC}.Debug|x86.Build.0 = Debug|Win32
		{044CF929-C63D-4B35-8DBA-1F744DFDBFCC}.Release|x64.ActiveCfg = Release|x64
		{044CF929-C63D-4B35-8DBA-1F744DFDBFCC}.Release|x64.Build.0 = Release|x64
		{044CF929-C63D-4B35-8DBA-1F744DFDBFCC}.Release|x86.ActiveCfg = Release|Win32
		{044CF929-C63D-4B35-8DBA-1F744DFDBFCC}.Release|x86.Build.0 = Release|Win32
		{071B553E-E683-493E-8EC1-A36DA2C9D0E1}.Debug|x64.ActiveCfg = Debug|x64
		{071B553E-E683-493E-8EC1-A36DA2C9D0E1}.Debug|x64.Build.0 = Debug|x64
		{071B553E-E683-493E-8EC1-A36DA2C9D0E1}.Debug|x86.ActiveCfg = Debug|Win32
		{071B553E-E683-493E-8EC1-A36DA2C9D0E1}.Debug|x86.Build.0 = Debug|Win32
		{071B553E-E683-493E-8EC1-A36DA2C9D0E1}.Release|x64.ActiveCfg = Release|x64
		{071B553E-E683-493E-8EC1-A36DA2C9D0E1}.Release|x64.Build.0 = Release|x64
		{071B553E-E683-493E-8EC1-A36DA2C9D0E1}.Release|x86.ActiveCfg = Release|Win32
		{071B553E-E683-493E-8EC1-A36DA2C9D0E1}.Release|x86.Build.0 = Release|Win32
		{1BD5CDE5-8AD5-400E-97B7-4BD981D44DCA}.Debug|x64.ActiveCfg = Debug|x64
		{1BD5CDE5-8AD5-400E-97B7-4BD981D44DCA}.Debug|x64.Build.0 = Debug|x64
		{1BD5CDE5-8AD5-400E-97B7-4BD981D44DCA}.Debug|x86.ActiveCfg = Debug|Win32
		{1BD5CDE5-8AD5-400E-97B7-4BD981D44DCA}.Debug|x86.Build.0 = Debug|Win32
		{1BD5CDE5-8AD5-400E-97B7-4BD981D44DCA}.Release|x64.ActiveCfg = Release|x64
		{1BD5CDE5-8AD5-400E-97B7-4BD981D44DCA}.Release|x64.Build.0 = Release|x64
		{1BD5CDE5-8AD5-400E-97B7-4BD981D44DCA}.Release|x86.ActiveCfg = Release|Win32
		{1BD5CDE5-8AD5-400E-97B7-4BD981D44DCA}.Release|x86.Build.0 = Release|Win32
		{E89E30B9-9579-4DC7-A9FF-A71ACEDE60F8}.Debug|x64.ActiveCfg = Debug|x64
		{E89E30B9-9579-4DC7-A9FF-A71ACEDE60F8}.Debug|x64.Build.0 = Debug|x64
		{E89E30B9-9579-4DC7-A9FF-A71ACEDE60F8}.Debug|x86.ActiveCfg = Debug|Win32
		{E89E30B9-9579-4DC7-A9FF-A71ACEDE60F8}.Debug|x86.Build.0 = Debug|Win32
		{E89E30B9-9579-4DC7-A9FF-A71ACEDE60F8}.Release|x64.ActiveCfg = Release|x64
		{E89E30B9-9579-4DC7-A9FF-A71ACEDE60F8}.Release|x64.Build.0 = Release|x64
		{E89E30B9-9579-4DC7-A9FF-A71ACEDE60F8}.Release|x86.ActiveCfg = Release|Win32
		{E89E30B9-9579-4DC7-A9FF-A71ACEDE60F8}.Release|x86.Build.0 = Release|Win32
		{81A471BF-C7A1-4A21-8BB1-F9608116299F}.Debug|x64.ActiveCfg = Debug|x64
		{81A471BF-C7A1-4A21-8BB1-F9608116299F}.Debug|x64.Build.0 = Debug|x64
		{81A471BF-C7A1-4A21-8BB1-F9608116299F}.Debug|x86.ActiveCfg = Debug|Win32
		{81A471BF-C7A1-4A21-8BB1-F9608116299F}.Debug|x86.Build.0 = Debug|Win32
		{81A471BF-C7A1-4A21-8BB1-F9608116299F}.Release|x64.ActiveCfg = Release|x64
		{81A471BF-C7A1-4A21-8BB1-F9608116299F}.Release|x64.Build.0 = Release|x64
		{81A471BF-C7A1-4A21-8BB1-F9608116299F}.Release|x86.ActiveCfg = Release|Win32
		{81A471BF-C7A1-4A21-8BB1-F9608116299F}.Release|x86.Build.0 = Release|Win32
		{331073F2-E202-4534-BC65-A8F5A79DB459}.Debug|x64.ActiveCfg = Debug|x64
		{331073F2-E202-4534-BC65-A8F5A79DB459}.Debug|x64.Build.0 = Debug|x64
		{331073F2-E202-4534-BC65-A8F5A79DB459}.Debug|x86.ActiveCfg = Debug|Win32
		{331073F2-E202-4534-BC65-A8F5A79DB459}.Debug|x86.Build.0 = Debug|Win32
		{331073F2-E202-4534-BC65-A8F5A79DB459}.Release|x64.ActiveCfg = Release|x64
		{331073F2-E202-4534-BC65-A8F5A79DB459}.Release|x64.Build.0 = Release|x64
		{331073F2-E202-4534-BC65-A8F5A79DB459}.Release|x86.ActiveCfg = Release|Win32
		{331073F2-E202-4534-BC65-A8F5A79DB459}.Release|x86.Build.0 = Release|Win32
		{5B1CC54C-8604-4C91-9098-5B75438C8BEC}.Debug|x64.ActiveCfg = Debug|x64
		{5B1CC54C-8604-4C91-9098-5B75438C8BEC}.Debug|x64.Build.0 = Debug|x64
		{5B1CC54C-8604-4C91-9098-5B75438C8BEC}.Debug|x86.ActiveCfg = Debug|Win32
		{5B1CC54C-8604-4C91-9098-5B75438C8BEC}.Debug|x86.Build.0 = Debug|Win32
		{5B1CC54C-8604-4C91-9098-5B75438C8BEC}.Release|x64.ActiveCfg = Release|x64
		{5B1CC54C-8604-4C91-9098-5B75438C8BEC}.Release|x64.Build.0 = Release|x64
		{5B1CC54C-8604-4C91-9098-5B75438C8BEC}.Release|x86.ActiveCfg = Release|Win32
		{5B1CC54C-8604-4C91-9098-5B75438C8BEC}.Release|x86.Build.0 = Release|Win32
		{469B6001-F30B-477E-8A4E-CD648D02F479}.Debug|x64.ActiveCfg = Debug|x64
		{469B6001-F30B-477E-8A4E-CD648D02F479}.Debug|x64.Build.0 = Debug|x64
		{469B6001-F30B-477E-8A4E-CD648D02F479}.Debug|x86.ActiveCfg = Debug|Win32
		{469B6001-F30B-477E-8A4E-CD648D02F479}.Debug|x86.Build.0 = Debug|Win32
		{469B6001-F30B-477E-8A4E-CD648D02F479}.Release|x64.ActiveCfg = Release|x64
		{469B6001-F30B-477E-8A4E-CD648D02F479}.Release|x64.Build.0 = Release|x64
		{469B6001-F30B-477E-8A4E-CD648D02F479}.Release|x86.ActiveCfg = Release|Win32
		{469B6001-F30B-477E-8A4E-CD648D02F479}.Release|x86.Build.0 = Release|Win32
		{093A7904-3DD5-480C-A064-A655435A719D}.Debug|x64.ActiveCfg = Debug|x64
		{093A7904-3DD5-480C-A064-A655435A719D}.Debug|x64.Build.0 = Debug|x64
		{093A7904-3DD5-480C-A064-A655435A719D}.Debug|x86.ActiveCfg = Debug|Win32
		{093A7904-3DD5-480C-A064-A655435A719D}.Debug|x86.Build.0 = Debug|Win32
		{093A7904-3DD5-480C-A064-A655435A719D}.Release|x64.ActiveCfg = Release|x64
		{093A7904-3DD5-480C-A064-A655435A719D}.Release|x64.Build.0 = Release|x64
		{093A7904-3DD5-480C-A064-A655435A719D}.Release|x86.ActiveCfg = Release|Win32
		{093A7904-3DD5-480C-A064-A655435A719D}.Release|x86.Build.0 = Release|Win32
		{20700810-14A7-4EE2-8C44-105AC490D75E}.Debug|x64.ActiveCfg = Debug|x64
		{20700810-14A7-4EE2-8C44-105AC490D75E}.Debug|x64.Build.0 = Debug|x64
		{20700810-14A7-4EE2-8C44-105AC490D75E}.Debug|x86.ActiveCfg = Debug|Win32
		{20700810-14A7-4EE2-8C44-105AC490D75E}.Debug|x86.Build.0 = Debug|Win32
		{20700810-14A7-4EE2-8C44-105AC490D75E}.Release|x64.ActiveCfg = Release|x64
		{20700810-14A7-4EE2-8C44-105AC490D75E}.Release|x64.Build.0 = Release|x64
		{20700810-14A7-4EE2-8C44-105AC490D75E}.Release|x86.ActiveCfg = Release|Win32
		{20700810-14A7-4EE2-8C44-105AC490D75E}.Release|x86.Build.0 = Release|Win32
		{4E03FB40-BB16-4205-8646-22B2815269BE}.Debug|x64.ActiveCfg = Debug|x64
		{4E03FB40-BB16-4205-8646-22B2815269BE}.Debug|x64.Build.0 = Debug|x64
		{4E03FB40-BB16-4205-8646-22B2815269BE}.Debug|x86.ActiveCfg = Debug|Win32
		{4E03FB40-BB16-4205-8646-22B2815269BE}.Debug|x86.Build.0 = Debug|Win32
		{4E03FB40-BB16-4205-8646-22B2815269BE}.Release|x64.ActiveCfg = Release|x64
		{4E03FB40-BB16-4205-8646-22B2815269BE}.Release|x64.Build.0 = Release|x64
		{4E03FB40-BB16-4205-8646-22B2815269BE}.Release|x86.ActiveCfg = Release|Win32
		{4E03FB40-BB16-4205-8646-22B2815269BE}.Release|x86.Build.0 = Release|Win32
		{BFCE5C26-E362-4D87-9A8B-082EDDE9FF75}.Debug|x64.ActiveCfg = Debug|x64
		{BFCE5C26-E362-4D87-9A8B-082EDDE9FF75}.Debug|x64.Build.0 = Debug|x64
		{BFCE5C26-E362-4D87-9A8B-082EDDE9FF75}.Debug|x86.ActiveCfg = Debug|Win32
		{BFCE5C26-E362-4D87-9A8B-082EDDE9FF75}.Debug|x86.Build.0 = Debug|Win32
		{BFCE5C26-E362-4D87-9A8B-082EDDE9FF75}.Release|x64.ActiveCfg = Release|x64
		{BFCE5C26-E362-4D87-9A8B-082EDDE9FF75}.Release|x64.Build.0 = Release|x64
		{BFCE5C26-E362-4D87-9A8B-082EDDE9FF75}.Release|x86.ActiveCfg = Release|Win32
		{BFCE5C26-E362-4D87-9A8B-082EDDE9FF75}.Release|x86.Build.0 = Release|Win32
		{427237D2-8DD6-418E-AFF8-768B5202C1EC}.Debug|x64.ActiveCfg = Debug|x64
		{427237D2-8DD6-418E-AFF8-768B5202C1EC}.Debug|x64.Build.0 = Debug|x64
		{427237D2-8DD6-418E-AFF8-768B5202C1EC}.Debug|x86.ActiveCfg = Debug|Win32
		{427237D2-8DD6-418E-AFF8-768B5202C1EC}.Debug|x86.Build.0 = Debug|Win32
		{427237D2-8DD6-418E-AFF8-768B5202C1EC}.Release|x64.ActiveCfg = Release|x64
		{427237D2-8DD6-418E-AFF8-768B5202C1EC}.Release|x64.Build.0 = Release|x64
		{427237D2-8DD6-418E-AFF8-768B5202C1EC}.Release|x86.ActiveCfg = Release|Win32
		{427237D2-8DD6-418E-AFF8-768B5202C1EC}.Release|x86.Build.0 = Release|Win32
		{A336D3DD-8F7B-4050-8F61-C0106C35FBDD}.Debug|x64.ActiveCfg = Debug|x64
		{A336D3DD-8F7B-4050-8F61-C0106C35FBDD}.Debug|x64.Build.0 = Debug|x64
		{A336D3DD-8F7B-4050-8F61-C0106C35FBDD}.Debug|x86.ActiveCfg = Debug|Win32
		{A336D3DD-8F7B-4050-8F61-C0106C35FBDD}.Debug|x86.Build.0 = Debug|Win32
		{A336D3DD-8F7B-4050-8F61-C0106C35FBDD}.Release|x64.ActiveCfg = Release|x64
		{A336D3DD-8F7B-4050-8F61-C0106C35FBDD}.Release|x64.Build.0 = Release|x64
		{A336D3DD-8F7B-4050-8F61-C0106C35FBDD}.Release|x86.ActiveCfg = Release|Win32
		{A336D3DD-8F7B-4050-8F61-C0106C35FBDD}.Release|x86.Build.0 = Release|Win32
		{CA164A9E-4DAC-4112-AFB0-DB125F90E969}.Debug|x64.ActiveCfg = Debug|x64
		{CA164A9E-4DAC-4112-AFB0-DB125F90E969}.Debug|x64.Build.0 = Debug|x64
		{CA164A9E-4DAC-4112-AFB0-DB125F90E969}.Debug|x86.ActiveCfg = Debug|Win32
		{CA164A9E-4DAC-4112-AFB0-DB125F90E969}.Debug|x86.Build.0 = Debug|Win32
		{CA164A9E-4DAC-4112-AFB0-DB125F90E969}.Release|x64.ActiveCfg = Release|x64
		{CA164A9E-4DAC-4112-AFB0-DB125F90E969}.Release|x64.Build.0 = Release|x64
		{CA164A9E-4DAC-4112-AFB0-DB125F90E969}.Release|x86.ActiveCfg = Release|Win32
		{CA164A9E-4DAC-4112-AFB0-DB125F90E969}.Release|x86.Build.0 = Release|Win32
		{2EE6E910-5E5F-402F-A1B7-E8062CF7C4CF}.Debug|x64.ActiveCfg = Debug|x64
		{2EE6E910-5E5F-402F-A1B7-E8062CF7C4CF}.Debug|x64.Build.0 = Debug|x64
		{2EE6E910-5E5F-402F-A1B7-E8062CF7C4CF}.Debug|x86.ActiveCfg = Debug|Win32
		{2EE6E910-5E5F-402F-A1B7-E8062CF7C4CF}.Debug|x86.Build.0 = Debug|Win32
		{2EE6E910-5E5F-402F-A1B7-E8062CF7C4CF}.Release|x64.ActiveCfg = Release|x64
		{2EE6E910-5E5F-402F-A1B7-E8062CF7C4CF}.Release|x64.Build.0 = Release|x64
		{2EE6E910-5E5F-402F-A1B7-E8062CF7C4CF}.Release|x86.ActiveCfg = Release|Win32
		{2EE6E910-5E5F-402F-A1B7-E8062CF7C4CF}.Release|x86.Build.0 = Release|Win32
		{B69EA0D8-165B-43DF-A877-A53C74CCB06B}.Debug|x64.ActiveCfg = Debug|x64
		{B69EA0D8-165B-43DF-A877-A53C74CCB06B}.Debug|x64.Build.0 = Debug|x64
		{B69EA0D8-165B-43DF-A877-A53C74CCB06B}.Debug|x86.ActiveCfg = Debug|Win32
		{B69EA0D8-165B-43DF-A877-A53C74CCB06B}.Debug|x86.Build.0 = Debug|Win32
		{B69EA0D8-165B-43DF-A877-A53C74CCB06B}.Release|x64.ActiveCfg = Release|x64
		{B69EA0D8-165B-43DF-A877-A53C74CCB06B}.Release|x64.Build.0 = Release|x64
		{B69EA0D8-165B-43DF-A877-A53C74CCB06B}.Release|x86.ActiveCfg = Release|Win32
		{B69EA0D8-165B-43DF-A877-A53C74CCB06B}.Release|x86.Build.0 = Release|Win32
		{0BF859E5-8958-4B6A-87F4-0E045F113CD3}.Debug|x64.ActiveCfg = Debug|x64
		{0BF859E5-8958-4B6A-87F4-0E045F113CD3}.Debug|x64.Build.0 = Debug|x64
		{0BF859E5-8958-4B6A-87F4-0E045F113CD3}.Debug|x86.ActiveCfg = Debug|Win32
		{0BF859E5-8958-4B6A-87F4-0E045F113CD3}.Debug|x86.Build.0 = Debug|Win32
		{0BF859E5-8958-4B6A-87F4-0E045F113CD3}.Release|x64.ActiveCfg = Release|x64
		{0BF859E5-8958-4B6A-87F4-0E045F113CD3}.Release|x64.Build.0 = Release|x64
		{0BF859E5-8958-4B6A-87F4-0E045F113CD3}.Release|x86.ActiveCfg = Release|Win32
		{0BF859E5-8958-4B6A-87F4-0E045F113CD3}.Release|x86.Build.0 = Release|Win32
		{D5F9AA46-5732-4FD5-816C-B277E0C522B7}.Debug|x64.ActiveCfg = Debug|x64
		{D5F9AA46-5732-4FD5-816C-B277E0C522B7}.Debug|x64.Build.0 = Debug|x64
		{D5F9AA46-5732-4FD5-816C-B277E0C522B7}.Debug|x86.ActiveCfg = Debug|Win32
		{D5F9AA46-5732-4FD5-816C-B277E0C522B7}.Debug|x86.Build.0 = Debug|Win32
		{D5F9AA46-5732-4FD5-816C-B277E0C522B7}.Release|x64.ActiveCfg = Release|x64
		{D5F9AA46-5732-4FD5-816C-B277E0C522B7}.Release|x64.Build.0 = Release|x64
		{D5F9AA46-5732-4FD5-816C-B277E0C522B7}.Release|x86.ActiveCfg = Release|Win32
		{D5F9AA46-5732-4FD5-816C-B277E0C522B7}.Release|x86.Build.0 = Release|Win32
		{0E3A0ECC-64A1-49CD-BE1F-F276A0228F54}.Debug|x64.ActiveCfg = Debug|x64
		{0E3A0ECC-64A1-49CD-BE1F-F276A0228F54}.Debug|x64.Build.0 = Debug|x64
		{0E3A0ECC-64A1-49CD-BE1F-F276A0228F54}.Debug|x86.ActiveCfg = Debug|Win32
		{0E3A0ECC-64A1-49CD-BE1F-F276A0228F54}.Debug|x86.Build.0 = Debug|Win32
		{0E3A0ECC-64A1-49CD-BE1F-F276A0228F54}.Release|x64.ActiveCfg = Release|x64
		{0E3A0ECC-64A1-49CD-BE1F-F276A0228F54}.Release|x64.Build.0 = Release|x64
		{0E3A0ECC-64A1-49CD-BE1F-F276A0228F54}.Release|x86.ActiveCfg = Release|Win32
		{0E3A0ECC-64A1-49CD-BE1F-F276A0228F54}.Release|x86.Build.0 = Release|Win32
		{DAC66AF3-1442-4537-AC48-B5E13F679F95}.Debug|x64.ActiveCfg = Debug|x64
		{DAC66AF3-1442-4537-AC48-B5E13F679F95}.Debug|x64.Build.0 = Debug|x64
		{DAC66AF3-1442-4537-AC48-B5E13F679F95}.Debug|x86.ActiveCfg = Debug|Win32
		{DAC66AF3-1442-4537-AC48-B5E13F679F95}.Debug|x86.Build.0 = Debug|Win32
		{DAC66AF3-1442-4537-AC48-B5E13F679F95}.Release|x64.ActiveCfg = Release|x64
		{DAC66AF3-1442-4537-AC48-B5E13F679F95}.Release|x64.Build.0 = Release|x64
		{DAC66AF3-1442-4537-AC48-B5E13F679F95}.Release|x86.ActiveCfg = Release|Win32
		{DAC66AF3-1442-4537-AC48-B5E13F679F95}.Release|x86.Build.0 = Release|Win32
		{21BEFFC2-C37C-4F1B-B974-5AB36450BAC7}.Debug|x64.ActiveCfg = Debug|x64
		{21BEFFC2-C37C-4F1B-B974-5AB36450BAC7}.Debug|x64.Build.0 = Debug|x64
		{21BEFFC2-C37C-4F1B-B974-5AB36450BAC7}.Debug|x86.ActiveCfg = Debug|Win32
		{21BEFFC2-C37C-4F1B-B974-5AB36450BAC7}.Debug|x86.Build.0 = Debug|Win32
		{21BEFFC2-C37C-4F1B-B974-5AB36450BAC7}.Release|x64.ActiveCfg = Release|x64
		{21BEFFC2-C37C-4F1B-B974-5AB36450BAC7}.Release|x64.Build.0 = Release|x64
		{21BEFFC2-C37C-4F1B-B974-5AB36450BAC7}.Release|x86.ActiveCfg = Release|Win32
		{21BEFFC2-C37C-4F1B-B974-5AB36450BAC7}.Release|x86.Build.0 = Release|Win32
		{EE47BBFD-DDD6-4B55-A14C-880F1CFC2B8F}.Debug|x64.ActiveCfg = Debug|x64
		{EE47BBFD-DDD6-4B55-A14C-880F1CFC2B8F}.Debug|x64.Build.0 = Debug|x64
		{EE47BBFD-DDD6-4B55-A14C-880F1CFC2B8F}.Debug|x86.ActiveCfg = Debug|Win32
		{EE47BBFD-DDD6-4B55-A14C-880F1CFC2B8F}.Debug|x86.Build.0 = Debug|Win32
		{EE47BBFD-DDD6-4B55-A14C-880F1CFC2B8F}.Release|x64.ActiveCfg = Release|x64
		{EE47BBFD-DDD6-4B55-A14C-880F1CFC2B8F}.Release|x64.Build.0 = Release|x64
		{EE47BBFD-DDD6-4B55-A14C-880F1CFC2B8F}.Release|x86.ActiveCfg = Release|Win32
		{EE47BBFD-DDD6-4B55-A14C-880F1CFC2B8F}.Release|x86.Build.0 = Release|Win32
		{353B4CA3-E72E-4C58-9B4F-170E075C4608}.Debug|x64.ActiveCfg = Debug|x64
		{353B4CA3-E72E-4C58-9B4F-170E075C4608}.Debug|x64.Build.0 = Debug|x64
		{353B4CA3-E72E-4C58-9B4F-170E075C4608}.Debug|x86.ActiveCfg = Debug|Win32
		{353B4CA3-E72E-4C58-9B4F-170E075C4608}.Debug|x86.Build.0 = Debug|Win32
		{353B4CA3-E72E-4C58-9B4F-170E075C4608}.Release|x64.ActiveCfg = Release|x64
		{353B4CA3-E72E-4C58-9B4F-170E075C4608}.Release|x64.Build.0 = Release|x64
		{353B4CA3-E72E-4C58-9B4F-170E075C4608}.Release|x86.ActiveCfg = Release|Win32
		{353B4CA3-E72E-4C58-9B4F-170E075C4608}.Release|x86.Build.0 = Release|Win32
		{556C2D35-4A3F-4905-B174-92CB4B6C927C}.Debug|x64.ActiveCfg = Debug|x64
		{556C2D35-4A3F-4905-B174-92CB4B6C927C}.Debug|x64.Build.0 = Debug|x64
		{556C2D35-4A3F-4905-B174-92CB4B6C927C}.Debug|x86.ActiveCfg = Debug|Win32
		{556C2D35-4A3F-4905-B174-92CB4B6C927C}.Debug|x86.Build.0 = Debug|Win32
		{556C2D35-4A3F-4905-B174-92CB4B6C927C}.Release|x64.ActiveCfg = Release|x64
		{556C2D35-4A3F-4905-B174-92CB4B6C927C}.Release|x64.Build.0 = Release|x64
		{556C2D35-4A3F-4905-B174-92CB4B6C927C}.Release|x86.ActiveCfg = Release|Win32
		{556C2D35-4A3F-4905-B174-92CB4B6C927C}.Release|x86.Build.0 = Release|Win32
		{74A3C4CF-D8E3-48AE-8D83-5CC7BBBFD396}.Debug|x64.ActiveCfg = Debug|x64
		{74A3C4CF-D8E3-48AE-8D83-5CC7BBBFD396}.Debug|x64.Build.0 = Debug|x64
		{74A3C4CF-D8E3-48AE-8D83-5CC7BBBFD396}.Debug|x86.ActiveCfg = Debug|Win32
		{74A3C4CF-D8E3-48AE-8D83-5CC7BBBFD396}.Debug|x86.Build.0 = Debug|Win32
		{74A3C4CF-D8E3-48AE-8D83-5CC7BBBFD396}.Release|x64.ActiveCfg = Release|x64
		{74A3C4CF-D8E3-48AE-8D83-5CC7BBBFD396}.Release|x64.Build.0 = Release|x64
		{74A3C4CF-D8E3-48AE-8D83-5CC7BBBFD396}.Release|x86.ActiveCfg = Release|Win32
		{74A3C4CF-D8E3-48AE-8D83-5CC7BBBFD396}.Release|x86.Build.0 = Release|Win32
		{F63D6E4F-DD86-4912-9D3F-BA9D4211ED77}.Debug|x64.ActiveCfg = Debug|x64
		{F63D6E4F-DD86-4912-9D3F-BA9D4211ED77}.Debug|x64.Build.0 = Debug|x64
		{F63D6E4F-DD86-4912-9D3F-BA9D4211ED77}.Debug|x86.ActiveCfg = Debug|Win32
		{F63D6E4F-DD86-4912-9D3F-BA9D4211ED77}.Debug|x86.Build.0 = Debug|Win32
		{F63D6E4F-DD86-4912-9D3F-BA9D4211ED77}.Release|x64.ActiveCfg = Release|x64
		{F63D6E4F-DD86-4912-9D3F-BA9D4211ED77}.Release|x64.Build.0 = Release|x64
		{F63D6E4F-DD86-4912-9D3F-BA9D4211ED77}.Release|x86.ActiveCfg = Release|Win32
		{F63D6E4F-DD86-4912-9D3F-BA9D4211ED77}.Release|x86.Build.0 = Release|Win32
		{0EA821F4-AF2B-41DB-B802-12937CB93F4A}.Debug|x64.ActiveCfg = Debug|x64
		{0EA821F4-AF2B-41DB-B802-12937CB93F4A}.Debug|x64.Build.0 = Debug|x64
		{0EA821F4-AF2B-41DB-B802-12937CB93F4A}.Debug|x86.ActiveCfg = Debug|Win32
		{0EA821F4-AF2B-41DB-B802-12937CB93F4A}.Debug|x86.Build.0 = Debug|Win32
		{0EA821F4-AF2B-41DB-B802-12937CB93F4A}.Release|x64.ActiveCfg = Release|x64
		{0EA821F4-AF2B-41DB-B802-12937CB93F4A}.Release|x64.Build.0 = Release|x64
		{0EA821F4-AF2B-41DB-B802-12937CB93F4A}.Release|x86.ActiveCfg = Release|Win32
		{0EA821F4-AF2B-41DB-B802-12937CB93F4A}.Release|x86.Build.0 = Release|Win32
		{333B17EB-5684-4610-9F58-C33163B0BAF3}.Debug|x64.ActiveCfg = Debug|x64
		{333B17EB-5684-4610-9F58-C33163B0BAF3}.Debug|x64.Build.0 = Debug|x64
		{333B17EB-5684-4610-9F58-C33163B0BAF3}.Debug|x86.ActiveCfg = Debug|Win32
		{333B17EB-5684-4610-9F58-C33163B0BAF3}.Debug|x86.Build.0 = Debug|Win32
		{333B17EB-5684-4610-9F58-C33163B0BAF3}.Release|x64.ActiveCfg = Release|x64
		{333B17EB-5684-4610-9F58-C33163B0BAF3}.Release|x64.Build.0 = Release|x64
		{333B17EB-5684-4610-9F58-C33163B0BAF3}.Release|x86.ActiveCfg = Release|Win32
		{333B17EB-5684-4610-9F58-C33163B0BAF3}.Release|x86.Build.0 = Release|Win32
		{6162DB60-B88E-4F27-B753-173A59B55EAD}.Debug|x64.ActiveCfg = Debug|x64
		{6162DB60-B88E-4F27-B753-173A59B55EAD}.Debug|x64.Build.0 = Debug|x64
		{6162DB60-B88E-4F27-B753-173A59B55EAD}.Debug|x86.ActiveCfg = Debug|Win32
		{6162DB60-B88E-4F27-B753-173A59B55EAD}.Debug|x86.Build.0 = Debug|Win32
		{6162DB60-B88E-4F27-B753-173A59B55EAD}.Release|x64.ActiveCfg = Release|x64
		{6162DB60-B88E-4F27-B753-173A59B55EAD}.Release|x64.Build.0 = Release|x64
		{6162DB60-B88E-4F27-B753-173A59B55EAD}.Release|x86.ActiveCfg = Release|Win32
		{6162DB60-B88E-4F27-B753-173A59B55EAD}.Release|x86.Build.0 = Release|Win32
		{F84AAC7C-26DA-4E03-8441-707FD8B2769A}.Debug|x64.ActiveCfg = Debug|x64
		{F84AAC7C-26DA-4E03-8441-707FD8B2769A}.Debug|x64.Build.0 = Debug|x64
		{F84AAC7C-26DA-4E03-8441-707FD8B2769A}.Debug|x86.ActiveCfg = Debug|Win32
		{F84AAC7C-26DA-4E03-8441-707FD8B2769A}.Debug|x86.Build.0 = Debug|Win32
		{F84AAC7C-26DA-4E03-8441-707FD8B2769A}.Release|x64.ActiveCfg = Release|x64
		{F84AAC7C-26DA-4E03-8441-707FD8B2769A}.Release|x64.Build.0 = Release|x64
		{F84AAC7C-26DA-4E03-8441-707FD8B2769A}.Release|x86.ActiveCfg = Release|Win32
		{F84AAC7C-26DA-4E03-8441-707FD8B2769A}.Release|x86.Build.0 = Release|Win32
		{2ED63A33-E1B5-4642-828F-4C7396197DC2}.Debug|x64.ActiveCfg = Debug|x64
		{2ED63A33-E1B5-4642-828F-4C7396197DC2}.Debug|x64.Build.0 = Debug|x64
		{2ED63A33-E1B5-4642-828F-4C7396197DC2}.Debug|x86.ActiveCfg = Debug|Win32
		{2ED63A33-E1B5-4642-828F-4C7396197DC2}.Debug|x86.Build.0 = Debug|Win32
		{2ED63A33-E1B5-4642-828F-4C7396197DC2}.Release|x64.ActiveCfg = Release|x64
		{2ED63A33-E1B5-4642-828F-4C7396197DC2}.Release|x64.Build.0 = Release|x64
		{2ED63A33-E1B5-4642-828F-4C7396197DC2}.Release|x86.ActiveCfg = Release|Win32
		{2ED63A33-E1B5-4642-828F-4C7396197DC2}.Release|x86.Build.0 = Release|Win32
		{05554F9D-AE01-45C4-BC28-46EF7D8559B4}.Debug|x64.ActiveCfg = Debug|x64
		{05554F9D-AE01-45C4-BC28-46EF7D8559B4}.Debug|x64.Build.0 = Debug|x64
		{05554F9D-AE01-45C4-BC28-46EF7D8559B4}.Debug|x86.ActiveCfg = Debug|Win32
		{05554F9D-AE01-45C4-BC28-46EF7D8559B4}.Debug|x86.Build.0 = Debug|Win32
		{05554F9D-AE01-45C4-BC28-46EF7D8559B4}.Release|x64.ActiveCfg = Release|x64
		{05554F9D-AE01-45C4-BC28-46EF7D8559B4}.Release|x64.Build.0 = Release|x64
		{05554F9D-AE01-45C4-BC28-46EF7D8559B4}.Release|x86.ActiveCfg = Release|Win32
		{05554F9D-AE01-45C4-BC28-46EF7D8559B4}.Release|x86.Build.0 = Release|Win32
	EndGlobalSection
	GlobalSection(SolutionProperties) = preSolution
		HideSolutionNode = FALSE
	EndGlobalSection
	GlobalSection(ExtensibilityGlobals) = postSolution
		SolutionGuid = {34ABB577-D611-49FF-BE1F-C372EA2897E0}
	EndGlobalSection
EndGlobal
